
Microsoft Visual Studio Solution File, Format Version 12.00
# Visual Studio 15
VisualStudioVersion = 15.0.27428.2037
MinimumVisualStudioVersion = 10.0.40219.1
Project("{FAE04EC0-301F-11D3-BF4B-00C04F79EFBC}") = "musicServiceCore", "musicServiceCore\musicServiceCore.csproj", "{00B94E43-F016-4B68-BE36-5DD0E7CCCAE1}"
EndProject
Global
	GlobalSection(SolutionConfigurationPlatforms) = preSolution
		Debug|Any CPU = Debug|Any CPU
		Release|Any CPU = Release|Any CPU
	EndGlobalSection
	GlobalSection(ProjectConfigurationPlatforms) = postSolution
		{00B94E43-F016-4B68-BE36-5DD0E7CCCAE1}.Debug|Any CPU.ActiveCfg = Debug|Any CPU
		{00B94E43-F016-4B68-BE36-5DD0E7CCCAE1}.Debug|Any CPU.Build.0 = Debug|Any CPU
		{00B94E43-F016-4B68-BE36-5DD0E7CCCAE1}.Release|Any CPU.ActiveCfg = Release|Any CPU
		{00B94E43-F016-4B68-BE36-5DD0E7CCCAE1}.Release|Any CPU.Build.0 = Release|Any CPU
	EndGlobalSection
	GlobalSection(SolutionProperties) = preSolution
		HideSolutionNode = FALSE
	EndGlobalSection
	GlobalSection(ExtensibilityGlobals) = postSolution
		SolutionGuid = {98E97345-08A0-43B9-9986-29F249288895}
	EndGlobalSection
EndGlobal
